
Microsoft Visual Studio Solution File, Format Version 12.00
# Visual Studio Version 17
VisualStudioVersion = 17.3.32929.385
MinimumVisualStudioVersion = 10.0.40219.1
Project("{FAE04EC0-301F-11D3-BF4B-00C04F79EFBC}") = "JunaidAcademyMVC", "JunaidAcademy\JunaidAcademyMVC.csproj", "{A18CFC31-4361-4648-898B-102CEB05EB50}"
EndProject
Global
	GlobalSection(SolutionConfigurationPlatforms) = preSolution
		Debug|Any CPU = Debug|Any CPU
		Release|Any CPU = Release|Any CPU
	EndGlobalSection
	GlobalSection(ProjectConfigurationPlatforms) = postSolution
		{A18CFC31-4361-4648-898B-102CEB05EB50}.Debug|Any CPU.ActiveCfg = Debug|Any CPU
		{A18CFC31-4361-4648-898B-102CEB05EB50}.Debug|Any CPU.Build.0 = Debug|Any CPU
		{A18CFC31-4361-4648-898B-102CEB05EB50}.Release|Any CPU.ActiveCfg = Release|Any CPU
		{A18CFC31-4361-4648-898B-102CEB05EB50}.Release|Any CPU.Build.0 = Release|Any CPU
	EndGlobalSection
	GlobalSection(SolutionProperties) = preSolution
		HideSolutionNode = FALSE
	EndGlobalSection
	GlobalSection(ExtensibilityGlobals) = postSolution
		SolutionGuid = {12750D80-67CB-437C-A0E3-55F76D170E4B}
	EndGlobalSection
EndGlobal
